
Microsoft Visual Studio Solution File, Format Version 12.00
# Visual Studio Version 17
VisualStudioVersion = 17.1.31911.260
MinimumVisualStudioVersion = 10.0.40219.1
Project("{2150E333-8FDC-42A3-9474-1A3956D46DE8}") = "src", "src", "{2D969810-4C1B-4354-9D55-5961EFF55AB3}"
EndProject
Project("{2150E333-8FDC-42A3-9474-1A3956D46DE8}") = "misc", "misc", "{2B307C2C-8FC4-492F-80D7-D56F818C8482}"
	ProjectSection(SolutionItems) = preProject
		.editorconfig = .editorconfig
		.github\workflows\ci-all.yml = .github\workflows\ci-all.yml
		docfx.json = docfx.json
		.github\workflows\lib-ci.yml = .github\workflows\lib-ci.yml
		.github\workflows\lib-publish-nuget-org.yml = .github\workflows\lib-publish-nuget-org.yml
		LICENSE = LICENSE
		.github\workflows\publish-core.yml = .github\workflows\publish-core.yml
		.github\workflows\publish-data.sqlbulkops.yml = .github\workflows\publish-data.sqlbulkops.yml
		.github\workflows\publish-data.yml = .github\workflows\publish-data.yml
		.github\workflows\publish-logging.yml = .github\workflows\publish-logging.yml
		README.md = README.md
	EndProjectSection
EndProject
Project("{2150E333-8FDC-42A3-9474-1A3956D46DE8}") = "test", "test", "{FD98D3F3-CD24-467A-A730-CAA79F92E693}"
EndProject
Project("{9A19103F-16F7-4668-BE54-9A1E7A4F7556}") = "Swan.Samples", "src\Swan.Samples\Swan.Samples.csproj", "{A691E7B6-AB1F-4469-B185-F34C9C898D70}"
EndProject
Project("{9A19103F-16F7-4668-BE54-9A1E7A4F7556}") = "Swan.Test", "test\Swan.Test\Swan.Test.csproj", "{947AB9D4-B34D-45E9-91D5-2CCEC136C274}"
EndProject
Project("{9A19103F-16F7-4668-BE54-9A1E7A4F7556}") = "Swan.Threading", "src\Swan.Threading\Swan.Threading.csproj", "{C51BE971-06BA-4B42-88C2-D74701FD1171}"
EndProject
Project("{9A19103F-16F7-4668-BE54-9A1E7A4F7556}") = "Swan.Logging", "src\Swan.Logging\Swan.Logging.csproj", "{3552BE82-2D92-4150-A865-518112DE5BCE}"
EndProject
Project("{9A19103F-16F7-4668-BE54-9A1E7A4F7556}") = "Swan.Core", "src\Swan.Core\Swan.Core.csproj", "{A61DA1D4-8C1C-4975-8AF3-14544DF6EC79}"
EndProject
Project("{9A19103F-16F7-4668-BE54-9A1E7A4F7556}") = "Swan.Data", "src\Swan.Data\Swan.Data.csproj", "{DC9406F8-E9A4-44C9-BCD3-1816DD4C012D}"
EndProject
Project("{9A19103F-16F7-4668-BE54-9A1E7A4F7556}") = "Swan.Data.SqlBulkOps", "src\Swan.Data.SqlBulkOps\Swan.Data.SqlBulkOps.csproj", "{5C2BB420-2A23-4CEC-81F5-72903EDF38B4}"
EndProject
Global
	GlobalSection(SolutionConfigurationPlatforms) = preSolution
		Debug|Any CPU = Debug|Any CPU
		Release|Any CPU = Release|Any CPU
	EndGlobalSection
	GlobalSection(ProjectConfigurationPlatforms) = postSolution
		{A691E7B6-AB1F-4469-B185-F34C9C898D70}.Debug|Any CPU.ActiveCfg = Debug|Any CPU
		{A691E7B6-AB1F-4469-B185-F34C9C898D70}.Debug|Any CPU.Build.0 = Debug|Any CPU
		{A691E7B6-AB1F-4469-B185-F34C9C898D70}.Release|Any CPU.ActiveCfg = Release|Any CPU
		{A691E7B6-AB1F-4469-B185-F34C9C898D70}.Release|Any CPU.Build.0 = Release|Any CPU
		{947AB9D4-B34D-45E9-91D5-2CCEC136C274}.Debug|Any CPU.ActiveCfg = Debug|Any CPU
		{947AB9D4-B34D-45E9-91D5-2CCEC136C274}.Debug|Any CPU.Build.0 = Debug|Any CPU
		{947AB9D4-B34D-45E9-91D5-2CCEC136C274}.Release|Any CPU.ActiveCfg = Release|Any CPU
		{947AB9D4-B34D-45E9-91D5-2CCEC136C274}.Release|Any CPU.Build.0 = Release|Any CPU
		{C51BE971-06BA-4B42-88C2-D74701FD1171}.Debug|Any CPU.ActiveCfg = Debug|Any CPU
		{C51BE971-06BA-4B42-88C2-D74701FD1171}.Debug|Any CPU.Build.0 = Debug|Any CPU
		{C51BE971-06BA-4B42-88C2-D74701FD1171}.Release|Any CPU.ActiveCfg = Release|Any CPU
		{C51BE971-06BA-4B42-88C2-D74701FD1171}.Release|Any CPU.Build.0 = Release|Any CPU
		{3552BE82-2D92-4150-A865-518112DE5BCE}.Debug|Any CPU.ActiveCfg = Debug|Any CPU
		{3552BE82-2D92-4150-A865-518112DE5BCE}.Debug|Any CPU.Build.0 = Debug|Any CPU
		{3552BE82-2D92-4150-A865-518112DE5BCE}.Release|Any CPU.ActiveCfg = Release|Any CPU
		{3552BE82-2D92-4150-A865-518112DE5BCE}.Release|Any CPU.Build.0 = Release|Any CPU
		{A61DA1D4-8C1C-4975-8AF3-14544DF6EC79}.Debug|Any CPU.ActiveCfg = Debug|Any CPU
		{A61DA1D4-8C1C-4975-8AF3-14544DF6EC79}.Debug|Any CPU.Build.0 = Debug|Any CPU
		{A61DA1D4-8C1C-4975-8AF3-14544DF6EC79}.Release|Any CPU.ActiveCfg = Release|Any CPU
		{A61DA1D4-8C1C-4975-8AF3-14544DF6EC79}.Release|Any CPU.Build.0 = Release|Any CPU
		{DC9406F8-E9A4-44C9-BCD3-1816DD4C012D}.Debug|Any CPU.ActiveCfg = Debug|Any CPU
		{DC9406F8-E9A4-44C9-BCD3-1816DD4C012D}.Debug|Any CPU.Build.0 = Debug|Any CPU
		{DC9406F8-E9A4-44C9-BCD3-1816DD4C012D}.Release|Any CPU.ActiveCfg = Release|Any CPU
		{DC9406F8-E9A4-44C9-BCD3-1816DD4C012D}.Release|Any CPU.Build.0 = Release|Any CPU
		{5C2BB420-2A23-4CEC-81F5-72903EDF38B4}.Debug|Any CPU.ActiveCfg = Debug|Any CPU
		{5C2BB420-2A23-4CEC-81F5-72903EDF38B4}.Debug|Any CPU.Build.0 = Debug|Any CPU
		{5C2BB420-2A23-4CEC-81F5-72903EDF38B4}.Release|Any CPU.ActiveCfg = Release|Any CPU
		{5C2BB420-2A23-4CEC-81F5-72903EDF38B4}.Release|Any CPU.Build.0 = Release|Any CPU
	EndGlobalSection
	GlobalSection(SolutionProperties) = preSolution
		HideSolutionNode = FALSE
	EndGlobalSection
	GlobalSection(NestedProjects) = preSolution
		{A691E7B6-AB1F-4469-B185-F34C9C898D70} = {2D969810-4C1B-4354-9D55-5961EFF55AB3}
		{947AB9D4-B34D-45E9-91D5-2CCEC136C274} = {FD98D3F3-CD24-467A-A730-CAA79F92E693}
		{C51BE971-06BA-4B42-88C2-D74701FD1171} = {2D969810-4C1B-4354-9D55-5961EFF55AB3}
		{3552BE82-2D92-4150-A865-518112DE5BCE} = {2D969810-4C1B-4354-9D55-5961EFF55AB3}
		{A61DA1D4-8C1C-4975-8AF3-14544DF6EC79} = {2D969810-4C1B-4354-9D55-5961EFF55AB3}
		{DC9406F8-E9A4-44C9-BCD3-1816DD4C012D} = {2D969810-4C1B-4354-9D55-5961EFF55AB3}
		{5C2BB420-2A23-4CEC-81F5-72903EDF38B4} = {2D969810-4C1B-4354-9D55-5961EFF55AB3}
	EndGlobalSection
	GlobalSection(ExtensibilityGlobals) = postSolution
		SolutionGuid = {5977823D-9DDF-4C6D-AA39-87491F030AC1}
	EndGlobalSection
EndGlobal
