
Microsoft Visual Studio Solution File, Format Version 12.00
# Visual Studio Version 16
VisualStudioVersion = 16.0.29306.81
MinimumVisualStudioVersion = 10.0.40219.1
Project("{2150E333-8FDC-42A3-9474-1A3956D46DE8}") = "src", "src", "{2D969810-4C1B-4354-9D55-5961EFF55AB3}"
EndProject
Project("{2150E333-8FDC-42A3-9474-1A3956D46DE8}") = "Solution Items", "Solution Items", "{2B307C2C-8FC4-492F-80D7-D56F818C8482}"
	ProjectSection(SolutionItems) = preProject
		.editorconfig = .editorconfig
		appveyor.yml = appveyor.yml
		.github\workflows\build.yml = .github\workflows\build.yml
		docfx.json = docfx.json
		LICENSE = LICENSE
		mail.js = mail.js
		ntp.js = ntp.js
		README.md = README.md
		tcp.js = tcp.js
		web.js = web.js
	EndProjectSection
EndProject
Project("{2150E333-8FDC-42A3-9474-1A3956D46DE8}") = "test", "test", "{FD98D3F3-CD24-467A-A730-CAA79F92E693}"
EndProject
Project("{9A19103F-16F7-4668-BE54-9A1E7A4F7556}") = "Swan.Lite", "src\Swan.Lite\Swan.Lite.csproj", "{061C78DC-13E2-425B-AD58-1388416E11EE}"
EndProject
Project("{9A19103F-16F7-4668-BE54-9A1E7A4F7556}") = "Swan", "src\Swan\Swan.csproj", "{3214EA54-8BB0-4EEA-B859-D2BA865595C8}"
EndProject
Project("{9A19103F-16F7-4668-BE54-9A1E7A4F7556}") = "Swan.Samples", "src\Swan.Samples\Swan.Samples.csproj", "{A691E7B6-AB1F-4469-B185-F34C9C898D70}"
EndProject
Project("{9A19103F-16F7-4668-BE54-9A1E7A4F7556}") = "Swan.Test", "test\Swan.Test\Swan.Test.csproj", "{947AB9D4-B34D-45E9-91D5-2CCEC136C274}"
EndProject
Project("{9A19103F-16F7-4668-BE54-9A1E7A4F7556}") = "Swan.Reflection", "src\Swan.Reflection\Swan.Reflection.csproj", "{85420754-F9BE-4C64-823D-8A5B8480F52F}"
EndProject
Project("{9A19103F-16F7-4668-BE54-9A1E7A4F7556}") = "Swan.Core", "Swan.Core\Swan.Core.csproj", "{C7496CC9-3796-42E2-A8A7-0BCE5203C2EB}"
EndProject
Project("{FAE04EC0-301F-11D3-BF4B-00C04F79EFBC}") = "Swan.Artifacts", "src\Swan.Artifacts\Swan.Artifacts.csproj", "{969671A9-0522-4471-A649-C989FA9911AD}"
EndProject
Global
	GlobalSection(SolutionConfigurationPlatforms) = preSolution
		Debug|Any CPU = Debug|Any CPU
		Release|Any CPU = Release|Any CPU
	EndGlobalSection
	GlobalSection(ProjectConfigurationPlatforms) = postSolution
		{061C78DC-13E2-425B-AD58-1388416E11EE}.Debug|Any CPU.ActiveCfg = Debug|Any CPU
		{061C78DC-13E2-425B-AD58-1388416E11EE}.Debug|Any CPU.Build.0 = Debug|Any CPU
		{061C78DC-13E2-425B-AD58-1388416E11EE}.Release|Any CPU.ActiveCfg = Release|Any CPU
		{061C78DC-13E2-425B-AD58-1388416E11EE}.Release|Any CPU.Build.0 = Release|Any CPU
		{3214EA54-8BB0-4EEA-B859-D2BA865595C8}.Debug|Any CPU.ActiveCfg = Debug|Any CPU
		{3214EA54-8BB0-4EEA-B859-D2BA865595C8}.Debug|Any CPU.Build.0 = Debug|Any CPU
		{3214EA54-8BB0-4EEA-B859-D2BA865595C8}.Release|Any CPU.ActiveCfg = Release|Any CPU
		{3214EA54-8BB0-4EEA-B859-D2BA865595C8}.Release|Any CPU.Build.0 = Release|Any CPU
		{A691E7B6-AB1F-4469-B185-F34C9C898D70}.Debug|Any CPU.ActiveCfg = Debug|Any CPU
		{A691E7B6-AB1F-4469-B185-F34C9C898D70}.Debug|Any CPU.Build.0 = Debug|Any CPU
		{A691E7B6-AB1F-4469-B185-F34C9C898D70}.Release|Any CPU.ActiveCfg = Release|Any CPU
		{A691E7B6-AB1F-4469-B185-F34C9C898D70}.Release|Any CPU.Build.0 = Release|Any CPU
		{947AB9D4-B34D-45E9-91D5-2CCEC136C274}.Debug|Any CPU.ActiveCfg = Debug|Any CPU
		{947AB9D4-B34D-45E9-91D5-2CCEC136C274}.Debug|Any CPU.Build.0 = Debug|Any CPU
		{947AB9D4-B34D-45E9-91D5-2CCEC136C274}.Release|Any CPU.ActiveCfg = Release|Any CPU
		{947AB9D4-B34D-45E9-91D5-2CCEC136C274}.Release|Any CPU.Build.0 = Release|Any CPU
		{85420754-F9BE-4C64-823D-8A5B8480F52F}.Debug|Any CPU.ActiveCfg = Debug|Any CPU
		{85420754-F9BE-4C64-823D-8A5B8480F52F}.Debug|Any CPU.Build.0 = Debug|Any CPU
		{85420754-F9BE-4C64-823D-8A5B8480F52F}.Release|Any CPU.ActiveCfg = Release|Any CPU
		{85420754-F9BE-4C64-823D-8A5B8480F52F}.Release|Any CPU.Build.0 = Release|Any CPU
		{C7496CC9-3796-42E2-A8A7-0BCE5203C2EB}.Debug|Any CPU.ActiveCfg = Debug|Any CPU
		{C7496CC9-3796-42E2-A8A7-0BCE5203C2EB}.Debug|Any CPU.Build.0 = Debug|Any CPU
		{C7496CC9-3796-42E2-A8A7-0BCE5203C2EB}.Release|Any CPU.ActiveCfg = Release|Any CPU
		{C7496CC9-3796-42E2-A8A7-0BCE5203C2EB}.Release|Any CPU.Build.0 = Release|Any CPU
		{969671A9-0522-4471-A649-C989FA9911AD}.Debug|Any CPU.ActiveCfg = Debug|Any CPU
		{969671A9-0522-4471-A649-C989FA9911AD}.Debug|Any CPU.Build.0 = Debug|Any CPU
		{969671A9-0522-4471-A649-C989FA9911AD}.Release|Any CPU.ActiveCfg = Release|Any CPU
		{969671A9-0522-4471-A649-C989FA9911AD}.Release|Any CPU.Build.0 = Release|Any CPU
	EndGlobalSection
	GlobalSection(SolutionProperties) = preSolution
		HideSolutionNode = FALSE
	EndGlobalSection
	GlobalSection(NestedProjects) = preSolution
		{061C78DC-13E2-425B-AD58-1388416E11EE} = {2D969810-4C1B-4354-9D55-5961EFF55AB3}
		{3214EA54-8BB0-4EEA-B859-D2BA865595C8} = {2D969810-4C1B-4354-9D55-5961EFF55AB3}
		{A691E7B6-AB1F-4469-B185-F34C9C898D70} = {2D969810-4C1B-4354-9D55-5961EFF55AB3}
		{947AB9D4-B34D-45E9-91D5-2CCEC136C274} = {FD98D3F3-CD24-467A-A730-CAA79F92E693}
		{85420754-F9BE-4C64-823D-8A5B8480F52F} = {2D969810-4C1B-4354-9D55-5961EFF55AB3}
		{C7496CC9-3796-42E2-A8A7-0BCE5203C2EB} = {2D969810-4C1B-4354-9D55-5961EFF55AB3}
		{969671A9-0522-4471-A649-C989FA9911AD} = {2D969810-4C1B-4354-9D55-5961EFF55AB3}
	EndGlobalSection
	GlobalSection(ExtensibilityGlobals) = postSolution
		SolutionGuid = {5977823D-9DDF-4C6D-AA39-87491F030AC1}
	EndGlobalSection
EndGlobal
