
Microsoft Visual Studio Solution File, Format Version 12.00
# Visual Studio 14
VisualStudioVersion = 14.0.25420.1
MinimumVisualStudioVersion = 10.0.40219.1
Project("{2150E333-8FDC-42A3-9474-1A3956D46DE8}") = "src", "src", "{2D969810-4C1B-4354-9D55-5961EFF55AB3}"
EndProject
Project("{2150E333-8FDC-42A3-9474-1A3956D46DE8}") = "Solution Items", "Solution Items", "{2B307C2C-8FC4-492F-80D7-D56F818C8482}"
	ProjectSection(SolutionItems) = preProject
		.travis.yml = .travis.yml
		appveyor.yml = appveyor.yml
		global.json = global.json
		LICENSE = LICENSE
		README.md = README.md
		StyleCop.Analyzers.ruleset = StyleCop.Analyzers.ruleset
	EndProjectSection
EndProject
Project("{8BB2217D-0F2D-49D1-97BC-3654ED321F3B}") = "Unosquare.Swan", "src\Unosquare.Swan\Unosquare.Swan.xproj", "{F6849B76-E09A-4F84-B299-804A63F12ADC}"
EndProject
Project("{8BB2217D-0F2D-49D1-97BC-3654ED321F3B}") = "Unosquare.Swan.Samples", "src\Unosquare.Swan.Samples\Unosquare.Swan.Samples.xproj", "{1FC9CBD9-92B1-4A82-AB3D-8F6ADE0F4430}"
EndProject
Project("{2150E333-8FDC-42A3-9474-1A3956D46DE8}") = "test", "test", "{FD98D3F3-CD24-467A-A730-CAA79F92E693}"
EndProject
Project("{8BB2217D-0F2D-49D1-97BC-3654ED321F3B}") = "Unosquare.Swan.Test", "test\Unosquare.Swan.Test\Unosquare.Swan.Test.xproj", "{60B68528-8E90-4616-BC6A-C703F018EFEC}"
EndProject
Project("{8BB2217D-0F2D-49D1-97BC-3654ED321F3B}") = "Unosquare.Swan.AspNetCore", "src\Unosquare.Swan.AspNetCore\Unosquare.Swan.AspNetCore.xproj", "{9A13E05E-61D9-41BA-B0F7-B5A5C0DB5182}"
EndProject
Project("{8BB2217D-0F2D-49D1-97BC-3654ED321F3B}") = "Unosquare.Swan.AspNetCore.Sample", "src\Unosquare.Swan.AspNetCore.Sample\Unosquare.Swan.AspNetCore.Sample.xproj", "{6823A467-8AA8-40F5-B934-24D5DBDA65AE}"
EndProject
Global
	GlobalSection(SolutionConfigurationPlatforms) = preSolution
		Debug|Any CPU = Debug|Any CPU
		Release|Any CPU = Release|Any CPU
	EndGlobalSection
	GlobalSection(ProjectConfigurationPlatforms) = postSolution
		{F6849B76-E09A-4F84-B299-804A63F12ADC}.Debug|Any CPU.ActiveCfg = Debug|Any CPU
		{F6849B76-E09A-4F84-B299-804A63F12ADC}.Debug|Any CPU.Build.0 = Debug|Any CPU
		{F6849B76-E09A-4F84-B299-804A63F12ADC}.Release|Any CPU.ActiveCfg = Release|Any CPU
		{F6849B76-E09A-4F84-B299-804A63F12ADC}.Release|Any CPU.Build.0 = Release|Any CPU
		{1FC9CBD9-92B1-4A82-AB3D-8F6ADE0F4430}.Debug|Any CPU.ActiveCfg = Debug|Any CPU
		{1FC9CBD9-92B1-4A82-AB3D-8F6ADE0F4430}.Debug|Any CPU.Build.0 = Debug|Any CPU
		{1FC9CBD9-92B1-4A82-AB3D-8F6ADE0F4430}.Release|Any CPU.ActiveCfg = Release|Any CPU
		{1FC9CBD9-92B1-4A82-AB3D-8F6ADE0F4430}.Release|Any CPU.Build.0 = Release|Any CPU
		{60B68528-8E90-4616-BC6A-C703F018EFEC}.Debug|Any CPU.ActiveCfg = Debug|Any CPU
		{60B68528-8E90-4616-BC6A-C703F018EFEC}.Debug|Any CPU.Build.0 = Debug|Any CPU
		{60B68528-8E90-4616-BC6A-C703F018EFEC}.Release|Any CPU.ActiveCfg = Release|Any CPU
		{60B68528-8E90-4616-BC6A-C703F018EFEC}.Release|Any CPU.Build.0 = Release|Any CPU
		{9A13E05E-61D9-41BA-B0F7-B5A5C0DB5182}.Debug|Any CPU.ActiveCfg = Debug|Any CPU
		{9A13E05E-61D9-41BA-B0F7-B5A5C0DB5182}.Debug|Any CPU.Build.0 = Debug|Any CPU
		{9A13E05E-61D9-41BA-B0F7-B5A5C0DB5182}.Release|Any CPU.ActiveCfg = Release|Any CPU
		{9A13E05E-61D9-41BA-B0F7-B5A5C0DB5182}.Release|Any CPU.Build.0 = Release|Any CPU
		{6823A467-8AA8-40F5-B934-24D5DBDA65AE}.Debug|Any CPU.ActiveCfg = Debug|Any CPU
		{6823A467-8AA8-40F5-B934-24D5DBDA65AE}.Debug|Any CPU.Build.0 = Debug|Any CPU
		{6823A467-8AA8-40F5-B934-24D5DBDA65AE}.Release|Any CPU.ActiveCfg = Release|Any CPU
		{6823A467-8AA8-40F5-B934-24D5DBDA65AE}.Release|Any CPU.Build.0 = Release|Any CPU
	EndGlobalSection
	GlobalSection(SolutionProperties) = preSolution
		HideSolutionNode = FALSE
	EndGlobalSection
	GlobalSection(NestedProjects) = preSolution
		{F6849B76-E09A-4F84-B299-804A63F12ADC} = {2D969810-4C1B-4354-9D55-5961EFF55AB3}
		{1FC9CBD9-92B1-4A82-AB3D-8F6ADE0F4430} = {2D969810-4C1B-4354-9D55-5961EFF55AB3}
		{60B68528-8E90-4616-BC6A-C703F018EFEC} = {FD98D3F3-CD24-467A-A730-CAA79F92E693}
		{9A13E05E-61D9-41BA-B0F7-B5A5C0DB5182} = {2D969810-4C1B-4354-9D55-5961EFF55AB3}
		{6823A467-8AA8-40F5-B934-24D5DBDA65AE} = {2D969810-4C1B-4354-9D55-5961EFF55AB3}
	EndGlobalSection
EndGlobal
