
Microsoft Visual Studio Solution File, Format Version 12.00
# Visual Studio 15
VisualStudioVersion = 15.0.27004.2006
MinimumVisualStudioVersion = 10.0.40219.1
Project("{2150E333-8FDC-42A3-9474-1A3956D46DE8}") = "src", "src", "{2D969810-4C1B-4354-9D55-5961EFF55AB3}"
EndProject
Project("{2150E333-8FDC-42A3-9474-1A3956D46DE8}") = "Solution Items", "Solution Items", "{2B307C2C-8FC4-492F-80D7-D56F818C8482}"
	ProjectSection(SolutionItems) = preProject
		.travis.yml = .travis.yml
		appveyor.yml = appveyor.yml
		LICENSE = LICENSE
		mail.js = mail.js
		README.md = README.md
		StyleCop.Analyzers.ruleset = StyleCop.Analyzers.ruleset
	EndProjectSection
EndProject
Project("{2150E333-8FDC-42A3-9474-1A3956D46DE8}") = "test", "test", "{FD98D3F3-CD24-467A-A730-CAA79F92E693}"
EndProject
Project("{9A19103F-16F7-4668-BE54-9A1E7A4F7556}") = "Unosquare.Swan", "src\Unosquare.Swan\Unosquare.Swan.csproj", "{F6849B76-E09A-4F84-B299-804A63F12ADC}"
EndProject
Project("{9A19103F-16F7-4668-BE54-9A1E7A4F7556}") = "Unosquare.Swan.Samples", "src\Unosquare.Swan.Samples\Unosquare.Swan.Samples.csproj", "{1FC9CBD9-92B1-4A82-AB3D-8F6ADE0F4430}"
EndProject
Project("{9A19103F-16F7-4668-BE54-9A1E7A4F7556}") = "Unosquare.Swan.Test", "test\Unosquare.Swan.Test\Unosquare.Swan.Test.csproj", "{60B68528-8E90-4616-BC6A-C703F018EFEC}"
EndProject
Global
	GlobalSection(SolutionConfigurationPlatforms) = preSolution
		Debug|Any CPU = Debug|Any CPU
		Release|Any CPU = Release|Any CPU
	EndGlobalSection
	GlobalSection(ProjectConfigurationPlatforms) = postSolution
		{F6849B76-E09A-4F84-B299-804A63F12ADC}.Debug|Any CPU.ActiveCfg = Debug|Any CPU
		{F6849B76-E09A-4F84-B299-804A63F12ADC}.Debug|Any CPU.Build.0 = Debug|Any CPU
		{F6849B76-E09A-4F84-B299-804A63F12ADC}.Release|Any CPU.ActiveCfg = Release|Any CPU
		{F6849B76-E09A-4F84-B299-804A63F12ADC}.Release|Any CPU.Build.0 = Release|Any CPU
		{1FC9CBD9-92B1-4A82-AB3D-8F6ADE0F4430}.Debug|Any CPU.ActiveCfg = Debug|Any CPU
		{1FC9CBD9-92B1-4A82-AB3D-8F6ADE0F4430}.Debug|Any CPU.Build.0 = Debug|Any CPU
		{1FC9CBD9-92B1-4A82-AB3D-8F6ADE0F4430}.Release|Any CPU.ActiveCfg = Release|Any CPU
		{1FC9CBD9-92B1-4A82-AB3D-8F6ADE0F4430}.Release|Any CPU.Build.0 = Release|Any CPU
		{60B68528-8E90-4616-BC6A-C703F018EFEC}.Debug|Any CPU.ActiveCfg = Debug|Any CPU
		{60B68528-8E90-4616-BC6A-C703F018EFEC}.Debug|Any CPU.Build.0 = Debug|Any CPU
		{60B68528-8E90-4616-BC6A-C703F018EFEC}.Release|Any CPU.ActiveCfg = Release|Any CPU
		{60B68528-8E90-4616-BC6A-C703F018EFEC}.Release|Any CPU.Build.0 = Release|Any CPU
	EndGlobalSection
	GlobalSection(SolutionProperties) = preSolution
		HideSolutionNode = FALSE
	EndGlobalSection
	GlobalSection(NestedProjects) = preSolution
		{F6849B76-E09A-4F84-B299-804A63F12ADC} = {2D969810-4C1B-4354-9D55-5961EFF55AB3}
		{1FC9CBD9-92B1-4A82-AB3D-8F6ADE0F4430} = {2D969810-4C1B-4354-9D55-5961EFF55AB3}
		{60B68528-8E90-4616-BC6A-C703F018EFEC} = {FD98D3F3-CD24-467A-A730-CAA79F92E693}
	EndGlobalSection
	GlobalSection(ExtensibilityGlobals) = postSolution
		SolutionGuid = {5977823D-9DDF-4C6D-AA39-87491F030AC1}
	EndGlobalSection
EndGlobal
